
Microsoft Visual Studio Solution File, Format Version 12.00
# Visual Studio Version 16
VisualStudioVersion = 16.0.31624.102
MinimumVisualStudioVersion = 10.0.40219.1
Project("{888888A0-9F3D-457C-B088-3A5042F75D52}") = "Excercicio2", "Excercicio2.pyproj", "{07B9171C-05BA-4358-97BA-55ADC632F965}"
EndProject
Global
	GlobalSection(SolutionConfigurationPlatforms) = preSolution
		Debug|Any CPU = Debug|Any CPU
		Release|Any CPU = Release|Any CPU
	EndGlobalSection
	GlobalSection(ProjectConfigurationPlatforms) = postSolution
		{07B9171C-05BA-4358-97BA-55ADC632F965}.Debug|Any CPU.ActiveCfg = Debug|Any CPU
		{07B9171C-05BA-4358-97BA-55ADC632F965}.Release|Any CPU.ActiveCfg = Release|Any CPU
	EndGlobalSection
	GlobalSection(SolutionProperties) = preSolution
		HideSolutionNode = FALSE
	EndGlobalSection
	GlobalSection(ExtensibilityGlobals) = postSolution
		SolutionGuid = {BC835A34-7769-4C7B-805C-B8CD2D5B1F6F}
	EndGlobalSection
EndGlobal
